
Microsoft Visual Studio Solution File, Format Version 12.00
# Visual Studio Version 17
VisualStudioVersion = 17.4.33110.190
MinimumVisualStudioVersion = 10.0.40219.1
Project("{9A19103F-16F7-4668-BE54-9A1E7A4F7556}") = "bankApp", "bankApp\bankApp.csproj", "{30C768A4-85BD-4C42-B591-12AF0DBB6D9D}"
EndProject
Global
	GlobalSection(SolutionConfigurationPlatforms) = preSolution
		Debug|Any CPU = Debug|Any CPU
		Release|Any CPU = Release|Any CPU
	EndGlobalSection
	GlobalSection(ProjectConfigurationPlatforms) = postSolution
		{30C768A4-85BD-4C42-B591-12AF0DBB6D9D}.Debug|Any CPU.ActiveCfg = Debug|Any CPU
		{30C768A4-85BD-4C42-B591-12AF0DBB6D9D}.Debug|Any CPU.Build.0 = Debug|Any CPU
		{30C768A4-85BD-4C42-B591-12AF0DBB6D9D}.Release|Any CPU.ActiveCfg = Release|Any CPU
		{30C768A4-85BD-4C42-B591-12AF0DBB6D9D}.Release|Any CPU.Build.0 = Release|Any CPU
	EndGlobalSection
	GlobalSection(SolutionProperties) = preSolution
		HideSolutionNode = FALSE
	EndGlobalSection
	GlobalSection(ExtensibilityGlobals) = postSolution
		SolutionGuid = {AEA42714-9F4C-4AD2-AC26-FF6EF32C0C87}
	EndGlobalSection
EndGlobal
